{
  "version": "5",
  "specifiers": {
    "npm:@tauri-apps/api@^2.5.0": "2.7.0",
    "npm:@tauri-apps/cli@^2.5.0": "2.7.1",
    "npm:@tauri-apps/plugin-opener@^2.2.7": "2.4.0",
    "npm:vue-sonner@2": "2.0.2",
    "npm:zod@^3.25.64": "3.25.76"
  },
  "npm": {
    "@tauri-apps/api@2.7.0": {
      "integrity": "sha512-v7fVE8jqBl8xJFOcBafDzXFc8FnicoH3j8o8DNNs0tHuEBmXUDqrCOAzMRX0UkfpwqZLqvrvK0GNQ45DfnoVDg=="
    },
    "@tauri-apps/cli-darwin-arm64@2.7.1": {
      "integrity": "sha512-j2NXQN6+08G03xYiyKDKqbCV2Txt+hUKg0a8hYr92AmoCU8fgCjHyva/p16lGFGUG3P2Yu0xiNe1hXL9ZuRMzA==",
      "os": ["darwin"],
      "cpu": ["arm64"]
    },
    "@tauri-apps/cli-darwin-x64@2.7.1": {
      "integrity": "sha512-CdYAefeM35zKsc91qIyKzbaO7FhzTyWKsE8hj7tEJ1INYpoh1NeNNyL/NSEA3Nebi5ilugioJ5tRK8ZXG8y3gw==",
      "os": ["darwin"],
      "cpu": ["x64"]
    },
    "@tauri-apps/cli-linux-arm-gnueabihf@2.7.1": {
      "integrity": "sha512-dnvyJrTA1UJxJjQ8q1N/gWomjP8Twij1BUQu2fdcT3OPpqlrbOk5R1yT0oD/721xoKNjroB5BXCsmmlykllxNg==",
      "os": ["linux"],
      "cpu": ["arm"]
    },
    "@tauri-apps/cli-linux-arm64-gnu@2.7.1": {
      "integrity": "sha512-FtBW6LJPNRTws3qyUc294AqCWU91l/H0SsFKq6q4Q45MSS4x6wxLxou8zB53tLDGEPx3JSoPLcDaSfPlSbyujQ==",
      "os": ["linux"],
      "cpu": ["arm64"]
    },
    "@tauri-apps/cli-linux-arm64-musl@2.7.1": {
      "integrity": "sha512-/HXY0t4FHkpFzjeYS5c16mlA6z0kzn5uKLWptTLTdFSnYpr8FCnOP4Sdkvm2TDQPF2ERxXtNCd+WR/jQugbGnA==",
      "os": ["linux"],
      "cpu": ["arm64"]
    },
    "@tauri-apps/cli-linux-riscv64-gnu@2.7.1": {
      "integrity": "sha512-GeW5lVI2GhhnaYckiDzstG2j2Jwlud5d2XefRGwlOK+C/bVGLT1le8MNPYK8wgRlpeK8fG1WnJJYD6Ke7YQ8bg==",
      "os": ["linux"],
      "cpu": ["riscv64"]
    },
    "@tauri-apps/cli-linux-x64-gnu@2.7.1": {
      "integrity": "sha512-DprxKQkPxIPYwUgg+cscpv2lcIUhn2nxEPlk0UeaiV9vATxCXyytxr1gLcj3xgjGyNPlM0MlJyYaPy1JmRg1cA==",
      "os": ["linux"],
      "cpu": ["x64"]
    },
    "@tauri-apps/cli-linux-x64-musl@2.7.1": {
      "integrity": "sha512-KLlq3kOK7OUyDR757c0zQjPULpGZpLhNB0lZmZpHXvoOUcqZoCXJHh4dT/mryWZJp5ilrem5l8o9ngrDo0X1AA==",
      "os": ["linux"],
      "cpu": ["x64"]
    },
    "@tauri-apps/cli-win32-arm64-msvc@2.7.1": {
      "integrity": "sha512-dH7KUjKkSypCeWPiainHyXoES3obS+JIZVoSwSZfKq2gWgs48FY3oT0hQNYrWveE+VR4VoR3b/F3CPGbgFvksA==",
      "os": ["win32"],
      "cpu": ["arm64"]
    },
    "@tauri-apps/cli-win32-ia32-msvc@2.7.1": {
      "integrity": "sha512-1oeibfyWQPVcijOrTg709qhbXArjX3x1MPjrmA5anlygwrbByxLBcLXvotcOeULFcnH2FYUMMLLant8kgvwE5A==",
      "os": ["win32"],
      "cpu": ["ia32"]
    },
    "@tauri-apps/cli-win32-x64-msvc@2.7.1": {
      "integrity": "sha512-D7Q9kDObutuirCNLxYQ7KAg2Xxg99AjcdYz/KuMw5HvyEPbkC9Q7JL0vOrQOrHEHxIQ2lYzFOZvKKoC2yyqXcg==",
      "os": ["win32"],
      "cpu": ["x64"]
    },
    "@tauri-apps/cli@2.7.1": {
      "integrity": "sha512-RcGWR4jOUEl92w3uvI0h61Llkfj9lwGD1iwvDRD2isMrDhOzjeeeVn9aGzeW1jubQ/kAbMYfydcA4BA0Cy733Q==",
      "optionalDependencies": [
        "@tauri-apps/cli-darwin-arm64",
        "@tauri-apps/cli-darwin-x64",
        "@tauri-apps/cli-linux-arm-gnueabihf",
        "@tauri-apps/cli-linux-arm64-gnu",
        "@tauri-apps/cli-linux-arm64-musl",
        "@tauri-apps/cli-linux-riscv64-gnu",
        "@tauri-apps/cli-linux-x64-gnu",
        "@tauri-apps/cli-linux-x64-musl",
        "@tauri-apps/cli-win32-arm64-msvc",
        "@tauri-apps/cli-win32-ia32-msvc",
        "@tauri-apps/cli-win32-x64-msvc"
      ],
      "bin": true
    },
    "@tauri-apps/plugin-opener@2.4.0": {
      "integrity": "sha512-43VyN8JJtvKWJY72WI/KNZszTpDpzHULFxQs0CJBIYUdCRowQ6Q1feWTDb979N7nldqSuDOaBupZ6wz2nvuWwQ==",
      "dependencies": [
        "@tauri-apps/api"
      ]
    },
    "vue-sonner@2.0.2": {
      "integrity": "sha512-cN6onnN6aBOZ56YWN8CMj6t4zqbz/XlenE+jx5z+mgduMMelFo6B6G+e2Q6hhxU9YFiV16MXG2MBPluZabyElQ=="
    },
    "zod@3.25.76": {
      "integrity": "sha512-gzUt/qt81nXsFGKIFcC3YnfEAx5NkunCfnDlvuBSSFS02bcXu4Lmea0AFIUwbLWxWPx3d9p8S5QoaujKcNQxcQ=="
    }
  },
  "workspace": {
    "packageJson": {
      "dependencies": [
        "npm:@tailwindcss/vite@^4.1.10",
        "npm:@tauri-apps/api@^2.5.0",
        "npm:@tauri-apps/cli@^2.5.0",
        "npm:@tauri-apps/plugin-opener@^2.2.7",
        "npm:@vitejs/plugin-vue@^5.2.4",
        "npm:@vue/tsconfig@0.7",
        "npm:pinia@^3.0.3",
        "npm:sass@^1.89.2",
        "npm:tailwindcss@^4.1.10",
        "npm:typescript@~5.8.3",
        "npm:vite-plugin-vue-devtools@^7.7.7",
        "npm:vite@^6.3.5",
        "npm:vue-sonner@2",
        "npm:vue-tsc@^2.2.10",
        "npm:vue@^3.5.16",
        "npm:zod@^3.25.64"
      ]
    }
  }
}
